// !$*UTF8*$!
{
	archiveVersion = 1;
	classes = {
	};
	objectVersion = 46;
	objects = {

/* Begin PBXBuildFile section */
		F9B314BC1E040635001EDD44 /* main.m in Sources */ = {isa = PBXBuildFile; fileRef = F9B314BB1E040635001EDD44 /* main.m */; };
		F9B314BF1E040635001EDD44 /* AppDelegate.m in Sources */ = {isa = PBXBuildFile; fileRef = F9B314BE1E040635001EDD44 /* AppDelegate.m */; };
		F9B314C21E040635001EDD44 /* ViewController.m in Sources */ = {isa = PBXBuildFile; fileRef = F9B314C11E040635001EDD44 /* ViewController.m */; };
		F9B314C51E040635001EDD44 /* Main.storyboard in Resources */ = {isa = PBXBuildFile; fileRef = F9B314C31E040635001EDD44 /* Main.storyboard */; };
		F9B314C71E040635001EDD44 /* Assets.xcassets in Resources */ = {isa = PBXBuildFile; fileRef = F9B314C61E040635001EDD44 /* Assets.xcassets */; };
		F9B314CA1E040635001EDD44 /* LaunchScreen.storyboard in Resources */ = {isa = PBXBuildFile; fileRef = F9B314C81E040635001EDD44 /* LaunchScreen.storyboard */; };
		F9B314D51E040635001EDD44 /* DataType_06_HomeWork_02Tests.m in Sources */ = {isa = PBXBuildFile; fileRef = F9B314D41E040635001EDD44 /* DataType_06_HomeWork_02Tests.m */; };
		F9B314E01E040635001EDD44 /* DataType_06_HomeWork_02UITests.m in Sources */ = {isa = PBXBuildFile; fileRef = F9B314DF1E040635001EDD44 /* DataType_06_HomeWork_02UITests.m */; };
		F9B314EF1E040A9A001EDD44 /* Car.m in Sources */ = {isa = PBXBuildFile; fileRef = F9B314EE1E040A9A001EDD44 /* Car.m */; };
		F9B314F21E040B36001EDD44 /* PassengerAuto.m in Sources */ = {isa = PBXBuildFile; fileRef = F9B314F11E040B36001EDD44 /* PassengerAuto.m */; };
		F9B314F51E040B58001EDD44 /* CargoAuto.m in Sources */ = {isa = PBXBuildFile; fileRef = F9B314F41E040B58001EDD44 /* CargoAuto.m */; };
/* End PBXBuildFile section */

/* Begin PBXContainerItemProxy section */
		F9B314D11E040635001EDD44 /* PBXContainerItemProxy */ = {
			isa = PBXContainerItemProxy;
			containerPortal = F9B314AF1E040635001EDD44 /* Project object */;
			proxyType = 1;
			remoteGlobalIDString = F9B314B61E040635001EDD44;
			remoteInfo = "DataType_06_HomeWork-02";
		};
		F9B314DC1E040635001EDD44 /* PBXContainerItemProxy */ = {
			isa = PBXContainerItemProxy;
			containerPortal = F9B314AF1E040635001EDD44 /* Project object */;
			proxyType = 1;
			remoteGlobalIDString = F9B314B61E040635001EDD44;
			remoteInfo = "DataType_06_HomeWork-02";
		};
/* End PBXContainerItemProxy section */

/* Begin PBXFileReference section */
		F9B314B71E040635001EDD44 /* DataType_06_HomeWork-02.app */ = {isa = PBXFileReference; explicitFileType = wrapper.application; includeInIndex = 0; path = "DataType_06_HomeWork-02.app"; sourceTree = BUILT_PRODUCTS_DIR; };
		F9B314BB1E040635001EDD44 /* main.m */ = {isa = PBXFileReference; lastKnownFileType = sourcecode.c.objc; path = main.m; sourceTree = "<group>"; };
		F9B314BD1E040635001EDD44 /* AppDelegate.h */ = {isa = PBXFileReference; lastKnownFileType = sourcecode.c.h; path = AppDelegate.h; sourceTree = "<group>"; };
		F9B314BE1E040635001EDD44 /* AppDelegate.m */ = {isa = PBXFileReference; lastKnownFileType = sourcecode.c.objc; path = AppDelegate.m; sourceTree = "<group>"; };
		F9B314C01E040635001EDD44 /* ViewController.h */ = {isa = PBXFileReference; lastKnownFileType = sourcecode.c.h; path = ViewController.h; sourceTree = "<group>"; };
		F9B314C11E040635001EDD44 /* ViewController.m */ = {isa = PBXFileReference; lastKnownFileType = sourcecode.c.objc; path = ViewController.m; sourceTree = "<group>"; };
		F9B314C41E040635001EDD44 /* Base */ = {isa = PBXFileReference; lastKnownFileType = file.storyboard; name = Base; path = Base.lproj/Main.storyboard; sourceTree = "<group>"; };
		F9B314C61E040635001EDD44 /* Assets.xcassets */ = {isa = PBXFileReference; lastKnownFileType = folder.assetcatalog; path = Assets.xcassets; sourceTree = "<group>"; };
		F9B314C91E040635001EDD44 /* Base */ = {isa = PBXFileReference; lastKnownFileType = file.storyboard; name = Base; path = Base.lproj/LaunchScreen.storyboard; sourceTree = "<group>"; };
		F9B314CB1E040635001EDD44 /* Info.plist */ = {isa = PBXFileReference; lastKnownFileType = text.plist.xml; path = Info.plist; sourceTree = "<group>"; };
		F9B314D01E040635001EDD44 /* DataType_06_HomeWork-02Tests.xctest */ = {isa = PBXFileReference; explicitFileType = wrapper.cfbundle; includeInIndex = 0; path = "DataType_06_HomeWork-02Tests.xctest"; sourceTree = BUILT_PRODUCTS_DIR; };
		F9B314D41E040635001EDD44 /* DataType_06_HomeWork_02Tests.m */ = {isa = PBXFileReference; lastKnownFileType = sourcecode.c.objc; path = DataType_06_HomeWork_02Tests.m; sourceTree = "<group>"; };
		F9B314D61E040635001EDD44 /* Info.plist */ = {isa = PBXFileReference; lastKnownFileType = text.plist.xml; path = Info.plist; sourceTree = "<group>"; };
		F9B314DB1E040635001EDD44 /* DataType_06_HomeWork-02UITests.xctest */ = {isa = PBXFileReference; explicitFileType = wrapper.cfbundle; includeInIndex = 0; path = "DataType_06_HomeWork-02UITests.xctest"; sourceTree = BUILT_PRODUCTS_DIR; };
		F9B314DF1E040635001EDD44 /* DataType_06_HomeWork_02UITests.m */ = {isa = PBXFileReference; lastKnownFileType = sourcecode.c.objc; path = DataType_06_HomeWork_02UITests.m; sourceTree = "<group>"; };
		F9B314E11E040635001EDD44 /* Info.plist */ = {isa = PBXFileReference; lastKnownFileType = text.plist.xml; path = Info.plist; sourceTree = "<group>"; };
		F9B314ED1E040A9A001EDD44 /* Car.h */ = {isa = PBXFileReference; fileEncoding = 4; lastKnownFileType = sourcecode.c.h; path = Car.h; sourceTree = "<group>"; };
		F9B314EE1E040A9A001EDD44 /* Car.m */ = {isa = PBXFileReference; fileEncoding = 4; lastKnownFileType = sourcecode.c.objc; path = Car.m; sourceTree = "<group>"; };
		F9B314F01E040B36001EDD44 /* PassengerAuto.h */ = {isa = PBXFileReference; fileEncoding = 4; lastKnownFileType = sourcecode.c.h; path = PassengerAuto.h; sourceTree = "<group>"; };
		F9B314F11E040B36001EDD44 /* PassengerAuto.m */ = {isa = PBXFileReference; fileEncoding = 4; lastKnownFileType = sourcecode.c.objc; path = PassengerAuto.m; sourceTree = "<group>"; };
		F9B314F31E040B58001EDD44 /* CargoAuto.h */ = {isa = PBXFileReference; fileEncoding = 4; lastKnownFileType = sourcecode.c.h; path = CargoAuto.h; sourceTree = "<group>"; };
		F9B314F41E040B58001EDD44 /* CargoAuto.m */ = {isa = PBXFileReference; fileEncoding = 4; lastKnownFileType = sourcecode.c.objc; path = CargoAuto.m; sourceTree = "<group>"; };
/* End PBXFileReference section */

/* Begin PBXFrameworksBuildPhase section */
		F9B314B41E040635001EDD44 /* Frameworks */ = {
			isa = PBXFrameworksBuildPhase;
			buildActionMask = 2147483647;
			files = (
			);
			runOnlyForDeploymentPostprocessing = 0;
		};
		F9B314CD1E040635001EDD44 /* Frameworks */ = {
			isa = PBXFrameworksBuildPhase;
			buildActionMask = 2147483647;
			files = (
			);
			runOnlyForDeploymentPostprocessing = 0;
		};
		F9B314D81E040635001EDD44 /* Frameworks */ = {
			isa = PBXFrameworksBuildPhase;
			buildActionMask = 2147483647;
			files = (
			);
			runOnlyForDeploymentPostprocessing = 0;
		};
/* End PBXFrameworksBuildPhase section */

/* Begin PBXGroup section */
		F9B314AE1E040635001EDD44 = {
			isa = PBXGroup;
			children = (
				F9B314B91E040635001EDD44 /* DataType_06_HomeWork-02 */,
				F9B314D31E040635001EDD44 /* DataType_06_HomeWork-02Tests */,
				F9B314DE1E040635001EDD44 /* DataType_06_HomeWork-02UITests */,
				F9B314B81E040635001EDD44 /* Products */,
			);
			sourceTree = "<group>";
		};
		F9B314B81E040635001EDD44 /* Products */ = {
			isa = PBXGroup;
			children = (
				F9B314B71E040635001EDD44 /* DataType_06_HomeWork-02.app */,
				F9B314D01E040635001EDD44 /* DataType_06_HomeWork-02Tests.xctest */,
				F9B314DB1E040635001EDD44 /* DataType_06_HomeWork-02UITests.xctest */,
			);
			name = Products;
			sourceTree = "<group>";
		};
		F9B314B91E040635001EDD44 /* DataType_06_HomeWork-02 */ = {
			isa = PBXGroup;
			children = (
				F9B314BD1E040635001EDD44 /* AppDelegate.h */,
				F9B314BE1E040635001EDD44 /* AppDelegate.m */,
				F9B314ED1E040A9A001EDD44 /* Car.h */,
				F9B314EE1E040A9A001EDD44 /* Car.m */,
				F9B314F01E040B36001EDD44 /* PassengerAuto.h */,
				F9B314F11E040B36001EDD44 /* PassengerAuto.m */,
				F9B314F31E040B58001EDD44 /* CargoAuto.h */,
				F9B314F41E040B58001EDD44 /* CargoAuto.m */,
				F9B314C01E040635001EDD44 /* ViewController.h */,
				F9B314C11E040635001EDD44 /* ViewController.m */,
				F9B314C31E040635001EDD44 /* Main.storyboard */,
				F9B314C61E040635001EDD44 /* Assets.xcassets */,
				F9B314C81E040635001EDD44 /* LaunchScreen.storyboard */,
				F9B314CB1E040635001EDD44 /* Info.plist */,
				F9B314BA1E040635001EDD44 /* Supporting Files */,
			);
			path = "DataType_06_HomeWork-02";
			sourceTree = "<group>";
		};
		F9B314BA1E040635001EDD44 /* Supporting Files */ = {
			isa = PBXGroup;
			children = (
				F9B314BB1E040635001EDD44 /* main.m */,
			);
			name = "Supporting Files";
			sourceTree = "<group>";
		};
		F9B314D31E040635001EDD44 /* DataType_06_HomeWork-02Tests */ = {
			isa = PBXGroup;
			children = (
				F9B314D41E040635001EDD44 /* DataType_06_HomeWork_02Tests.m */,
				F9B314D61E040635001EDD44 /* Info.plist */,
			);
			path = "DataType_06_HomeWork-02Tests";
			sourceTree = "<group>";
		};
		F9B314DE1E040635001EDD44 /* DataType_06_HomeWork-02UITests */ = {
			isa = PBXGroup;
			children = (
				F9B314DF1E040635001EDD44 /* DataType_06_HomeWork_02UITests.m */,
				F9B314E11E040635001EDD44 /* Info.plist */,
			);
			path = "DataType_06_HomeWork-02UITests";
			sourceTree = "<group>";
		};
/* End PBXGroup section */

/* Begin PBXNativeTarget section */
		F9B314B61E040635001EDD44 /* DataType_06_HomeWork-02 */ = {
			isa = PBXNativeTarget;
			buildConfigurationList = F9B314E41E040635001EDD44 /* Build configuration list for PBXNativeTarget "DataType_06_HomeWork-02" */;
			buildPhases = (
				F9B314B31E040635001EDD44 /* Sources */,
				F9B314B41E040635001EDD44 /* Frameworks */,
				F9B314B51E040635001EDD44 /* Resources */,
			);
			buildRules = (
			);
			dependencies = (
			);
			name = "DataType_06_HomeWork-02";
			productName = "DataType_06_HomeWork-02";
			productReference = F9B314B71E040635001EDD44 /* DataType_06_HomeWork-02.app */;
			productType = "com.apple.product-type.application";
		};
		F9B314CF1E040635001EDD44 /* DataType_06_HomeWork-02Tests */ = {
			isa = PBXNativeTarget;
			buildConfigurationList = F9B314E71E040635001EDD44 /* Build configuration list for PBXNativeTarget "DataType_06_HomeWork-02Tests" */;
			buildPhases = (
				F9B314CC1E040635001EDD44 /* Sources */,
				F9B314CD1E040635001EDD44 /* Frameworks */,
				F9B314CE1E040635001EDD44 /* Resources */,
			);
			buildRules = (
			);
			dependencies = (
				F9B314D21E040635001EDD44 /* PBXTargetDependency */,
			);
			name = "DataType_06_HomeWork-02Tests";
			productName = "DataType_06_HomeWork-02Tests";
			productReference = F9B314D01E040635001EDD44 /* DataType_06_HomeWork-02Tests.xctest */;
			productType = "com.apple.product-type.bundle.unit-test";
		};
		F9B314DA1E040635001EDD44 /* DataType_06_HomeWork-02UITests */ = {
			isa = PBXNativeTarget;
			buildConfigurationList = F9B314EA1E040635001EDD44 /* Build configuration list for PBXNativeTarget "DataType_06_HomeWork-02UITests" */;
			buildPhases = (
				F9B314D71E040635001EDD44 /* Sources */,
				F9B314D81E040635001EDD44 /* Frameworks */,
				F9B314D91E040635001EDD44 /* Resources */,
			);
			buildRules = (
			);
			dependencies = (
				F9B314DD1E040635001EDD44 /* PBXTargetDependency */,
			);
			name = "DataType_06_HomeWork-02UITests";
			productName = "DataType_06_HomeWork-02UITests";
			productReference = F9B314DB1E040635001EDD44 /* DataType_06_HomeWork-02UITests.xctest */;
			productType = "com.apple.product-type.bundle.ui-testing";
		};
/* End PBXNativeTarget section */

/* Begin PBXProject section */
		F9B314AF1E040635001EDD44 /* Project object */ = {
			isa = PBXProject;
			attributes = {
				LastUpgradeCheck = 0820;
				ORGANIZATIONNAME = Slava;
				TargetAttributes = {
					F9B314B61E040635001EDD44 = {
						CreatedOnToolsVersion = 8.2;
						ProvisioningStyle = Automatic;
					};
					F9B314CF1E040635001EDD44 = {
						CreatedOnToolsVersion = 8.2;
						ProvisioningStyle = Automatic;
						TestTargetID = F9B314B61E040635001EDD44;
					};
					F9B314DA1E040635001EDD44 = {
						CreatedOnToolsVersion = 8.2;
						ProvisioningStyle = Automatic;
						TestTargetID = F9B314B61E040635001EDD44;
					};
				};
			};
			buildConfigurationList = F9B314B21E040635001EDD44 /* Build configuration list for PBXProject "DataType_06_HomeWork-02" */;
			compatibilityVersion = "Xcode 3.2";
			developmentRegion = English;
			hasScannedForEncodings = 0;
			knownRegions = (
				en,
				Base,
			);
			mainGroup = F9B314AE1E040635001EDD44;
			productRefGroup = F9B314B81E040635001EDD44 /* Products */;
			projectDirPath = "";
			projectRoot = "";
			targets = (
				F9B314B61E040635001EDD44 /* DataType_06_HomeWork-02 */,
				F9B314CF1E040635001EDD44 /* DataType_06_HomeWork-02Tests */,
				F9B314DA1E040635001EDD44 /* DataType_06_HomeWork-02UITests */,
			);
		};
/* End PBXProject section */

/* Begin PBXResourcesBuildPhase section */
		F9B314B51E040635001EDD44 /* Resources */ = {
			isa = PBXResourcesBuildPhase;
			buildActionMask = 2147483647;
			files = (
				F9B314CA1E040635001EDD44 /* LaunchScreen.storyboard in Resources */,
				F9B314C71E040635001EDD44 /* Assets.xcassets in Resources */,
				F9B314C51E040635001EDD44 /* Main.storyboard in Resources */,
			);
			runOnlyForDeploymentPostprocessing = 0;
		};
		F9B314CE1E040635001EDD44 /* Resources */ = {
			isa = PBXResourcesBuildPhase;
			buildActionMask = 2147483647;
			files = (
			);
			runOnlyForDeploymentPostprocessing = 0;
		};
		F9B314D91E040635001EDD44 /* Resources */ = {
			isa = PBXResourcesBuildPhase;
			buildActionMask = 2147483647;
			files = (
			);
			runOnlyForDeploymentPostprocessing = 0;
		};
/* End PBXResourcesBuildPhase section */

/* Begin PBXSourcesBuildPhase section */
		F9B314B31E040635001EDD44 /* Sources */ = {
			isa = PBXSourcesBuildPhase;
			buildActionMask = 2147483647;
			files = (
				F9B314C21E040635001EDD44 /* ViewController.m in Sources */,
				F9B314F21E040B36001EDD44 /* PassengerAuto.m in Sources */,
				F9B314BF1E040635001EDD44 /* AppDelegate.m in Sources */,
				F9B314EF1E040A9A001EDD44 /* Car.m in Sources */,
				F9B314BC1E040635001EDD44 /* main.m in Sources */,
				F9B314F51E040B58001EDD44 /* CargoAuto.m in Sources */,
			);
			runOnlyForDeploymentPostprocessing = 0;
		};
		F9B314CC1E040635001EDD44 /* Sources */ = {
			isa = PBXSourcesBuildPhase;
			buildActionMask = 2147483647;
			files = (
				F9B314D51E040635001EDD44 /* DataType_06_HomeWork_02Tests.m in Sources */,
			);
			runOnlyForDeploymentPostprocessing = 0;
		};
		F9B314D71E040635001EDD44 /* Sources */ = {
			isa = PBXSourcesBuildPhase;
			buildActionMask = 2147483647;
			files = (
				F9B314E01E040635001EDD44 /* DataType_06_HomeWork_02UITests.m in Sources */,
			);
			runOnlyForDeploymentPostprocessing = 0;
		};
/* End PBXSourcesBuildPhase section */

/* Begin PBXTargetDependency section */
		F9B314D21E040635001EDD44 /* PBXTargetDependency */ = {
			isa = PBXTargetDependency;
			target = F9B314B61E040635001EDD44 /* DataType_06_HomeWork-02 */;
			targetProxy = F9B314D11E040635001EDD44 /* PBXContainerItemProxy */;
		};
		F9B314DD1E040635001EDD44 /* PBXTargetDependency */ = {
			isa = PBXTargetDependency;
			target = F9B314B61E040635001EDD44 /* DataType_06_HomeWork-02 */;
			targetProxy = F9B314DC1E040635001EDD44 /* PBXContainerItemProxy */;
		};
/* End PBXTargetDependency section */

/* Begin PBXVariantGroup section */
		F9B314C31E040635001EDD44 /* Main.storyboard */ = {
			isa = PBXVariantGroup;
			children = (
				F9B314C41E040635001EDD44 /* Base */,
			);
			name = Main.storyboard;
			sourceTree = "<group>";
		};
		F9B314C81E040635001EDD44 /* LaunchScreen.storyboard */ = {
			isa = PBXVariantGroup;
			children = (
				F9B314C91E040635001EDD44 /* Base */,
			);
			name = LaunchScreen.storyboard;
			sourceTree = "<group>";
		};
/* End PBXVariantGroup section */

/* Begin XCBuildConfiguration section */
		F9B314E21E040635001EDD44 /* Debug */ = {
			isa = XCBuildConfiguration;
			buildSettings = {
				ALWAYS_SEARCH_USER_PATHS = NO;
				CLANG_ANALYZER_NONNULL = YES;
				CLANG_CXX_LANGUAGE_STANDARD = "gnu++0x";
				CLANG_CXX_LIBRARY = "libc++";
				CLANG_ENABLE_MODULES = YES;
				CLANG_ENABLE_OBJC_ARC = YES;
				CLANG_WARN_BOOL_CONVERSION = YES;
				CLANG_WARN_CONSTANT_CONVERSION = YES;
				CLANG_WARN_DIRECT_OBJC_ISA_USAGE = YES_ERROR;
				CLANG_WARN_DOCUMENTATION_COMMENTS = YES;
				CLANG_WARN_EMPTY_BODY = YES;
				CLANG_WARN_ENUM_CONVERSION = YES;
				CLANG_WARN_INFINITE_RECURSION = YES;
				CLANG_WARN_INT_CONVERSION = YES;
				CLANG_WARN_OBJC_ROOT_CLASS = YES_ERROR;
				CLANG_WARN_SUSPICIOUS_MOVE = YES;
				CLANG_WARN_UNREACHABLE_CODE = YES;
				CLANG_WARN__DUPLICATE_METHOD_MATCH = YES;
				"CODE_SIGN_IDENTITY[sdk=iphoneos*]" = "iPhone Developer";
				COPY_PHASE_STRIP = NO;
				DEBUG_INFORMATION_FORMAT = dwarf;
				ENABLE_STRICT_OBJC_MSGSEND = YES;
				ENABLE_TESTABILITY = YES;
				GCC_C_LANGUAGE_STANDARD = gnu99;
				GCC_DYNAMIC_NO_PIC = NO;
				GCC_NO_COMMON_BLOCKS = YES;
				GCC_OPTIMIZATION_LEVEL = 0;
				GCC_PREPROCESSOR_DEFINITIONS = (
					"DEBUG=1",
					"$(inherited)",
				);
				GCC_WARN_64_TO_32_BIT_CONVERSION = YES;
				GCC_WARN_ABOUT_RETURN_TYPE = YES_ERROR;
				GCC_WARN_UNDECLARED_SELECTOR = YES;
				GCC_WARN_UNINITIALIZED_AUTOS = YES_AGGRESSIVE;
				GCC_WARN_UNUSED_FUNCTION = YES;
				GCC_WARN_UNUSED_VARIABLE = YES;
				IPHONEOS_DEPLOYMENT_TARGET = 10.2;
				MTL_ENABLE_DEBUG_INFO = YES;
				ONLY_ACTIVE_ARCH = YES;
				SDKROOT = iphoneos;
				TARGETED_DEVICE_FAMILY = "1,2";
			};
			name = Debug;
		};
		F9B314E31E040635001EDD44 /* Release */ = {
			isa = XCBuildConfiguration;
			buildSettings = {
				ALWAYS_SEARCH_USER_PATHS = NO;
				CLANG_ANALYZER_NONNULL = YES;
				CLANG_CXX_LANGUAGE_STANDARD = "gnu++0x";
				CLANG_CXX_LIBRARY = "libc++";
				CLANG_ENABLE_MODULES = YES;
				CLANG_ENABLE_OBJC_ARC = YES;
				CLANG_WARN_BOOL_CONVERSION = YES;
				CLANG_WARN_CONSTANT_CONVERSION = YES;
				CLANG_WARN_DIRECT_OBJC_ISA_USAGE = YES_ERROR;
				CLANG_WARN_DOCUMENTATION_COMMENTS = YES;
				CLANG_WARN_EMPTY_BODY = YES;
				CLANG_WARN_ENUM_CONVERSION = YES;
				CLANG_WARN_INFINITE_RECURSION = YES;
				CLANG_WARN_INT_CONVERSION = YES;
				CLANG_WARN_OBJC_ROOT_CLASS = YES_ERROR;
				CLANG_WARN_SUSPICIOUS_MOVE = YES;
				CLANG_WARN_UNREACHABLE_CODE = YES;
				CLANG_WARN__DUPLICATE_METHOD_MATCH = YES;
				"CODE_SIGN_IDENTITY[sdk=iphoneos*]" = "iPhone Developer";
				COPY_PHASE_STRIP = NO;
				DEBUG_INFORMATION_FORMAT = "dwarf-with-dsym";
				ENABLE_NS_ASSERTIONS = NO;
				ENABLE_STRICT_OBJC_MSGSEND = YES;
				GCC_C_LANGUAGE_STANDARD = gnu99;
				GCC_NO_COMMON_BLOCKS = YES;
				GCC_WARN_64_TO_32_BIT_CONVERSION = YES;
				GCC_WARN_ABOUT_RETURN_TYPE = YES_ERROR;
				GCC_WARN_UNDECLARED_SELECTOR = YES;
				GCC_WARN_UNINITIALIZED_AUTOS = YES_AGGRESSIVE;
				GCC_WARN_UNUSED_FUNCTION = YES;
				GCC_WARN_UNUSED_VARIABLE = YES;
				IPHONEOS_DEPLOYMENT_TARGET = 10.2;
				MTL_ENABLE_DEBUG_INFO = NO;
				SDKROOT = iphoneos;
				TARGETED_DEVICE_FAMILY = "1,2";
				VALIDATE_PRODUCT = YES;
			};
			name = Release;
		};
		F9B314E51E040635001EDD44 /* Debug */ = {
			isa = XCBuildConfiguration;
			buildSettings = {
				ASSETCATALOG_COMPILER_APPICON_NAME = AppIcon;
				INFOPLIST_FILE = "DataType_06_HomeWork-02/Info.plist";
				LD_RUNPATH_SEARCH_PATHS = "$(inherited) @executable_path/Frameworks";
				PRODUCT_BUNDLE_IDENTIFIER = "com.slavchik.DataType-06-HomeWork-02";
				PRODUCT_NAME = "$(TARGET_NAME)";
			};
			name = Debug;
		};
		F9B314E61E040635001EDD44 /* Release */ = {
			isa = XCBuildConfiguration;
			buildSettings = {
				ASSETCATALOG_COMPILER_APPICON_NAME = AppIcon;
				INFOPLIST_FILE = "DataType_06_HomeWork-02/Info.plist";
				LD_RUNPATH_SEARCH_PATHS = "$(inherited) @executable_path/Frameworks";
				PRODUCT_BUNDLE_IDENTIFIER = "com.slavchik.DataType-06-HomeWork-02";
				PRODUCT_NAME = "$(TARGET_NAME)";
			};
			name = Release;
		};
		F9B314E81E040635001EDD44 /* Debug */ = {
			isa = XCBuildConfiguration;
			buildSettings = {
				BUNDLE_LOADER = "$(TEST_HOST)";
				INFOPLIST_FILE = "DataType_06_HomeWork-02Tests/Info.plist";
				LD_RUNPATH_SEARCH_PATHS = "$(inherited) @executable_path/Frameworks @loader_path/Frameworks";
				PRODUCT_BUNDLE_IDENTIFIER = "com.slavchik.DataType-06-HomeWork-02Tests";
				PRODUCT_NAME = "$(TARGET_NAME)";
				TEST_HOST = "$(BUILT_PRODUCTS_DIR)/DataType_06_HomeWork-02.app/DataType_06_HomeWork-02";
			};
			name = Debug;
		};
		F9B314E91E040635001EDD44 /* Release */ = {
			isa = XCBuildConfiguration;
			buildSettings = {
				BUNDLE_LOADER = "$(TEST_HOST)";
				INFOPLIST_FILE = "DataType_06_HomeWork-02Tests/Info.plist";
				LD_RUNPATH_SEARCH_PATHS = "$(inherited) @executable_path/Frameworks @loader_path/Frameworks";
				PRODUCT_BUNDLE_IDENTIFIER = "com.slavchik.DataType-06-HomeWork-02Tests";
				PRODUCT_NAME = "$(TARGET_NAME)";
				TEST_HOST = "$(BUILT_PRODUCTS_DIR)/DataType_06_HomeWork-02.app/DataType_06_HomeWork-02";
			};
			name = Release;
		};
		F9B314EB1E040635001EDD44 /* Debug */ = {
			isa = XCBuildConfiguration;
			buildSettings = {
				INFOPLIST_FILE = "DataType_06_HomeWork-02UITests/Info.plist";
				LD_RUNPATH_SEARCH_PATHS = "$(inherited) @executable_path/Frameworks @loader_path/Frameworks";
				PRODUCT_BUNDLE_IDENTIFIER = "com.slavchik.DataType-06-HomeWork-02UITests";
				PRODUCT_NAME = "$(TARGET_NAME)";
				TEST_TARGET_NAME = "DataType_06_HomeWork-02";
			};
			name = Debug;
		};
		F9B314EC1E040635001EDD44 /* Release */ = {
			isa = XCBuildConfiguration;
			buildSettings = {
				INFOPLIST_FILE = "DataType_06_HomeWork-02UITests/Info.plist";
				LD_RUNPATH_SEARCH_PATHS = "$(inherited) @executable_path/Frameworks @loader_path/Frameworks";
				PRODUCT_BUNDLE_IDENTIFIER = "com.slavchik.DataType-06-HomeWork-02UITests";
				PRODUCT_NAME = "$(TARGET_NAME)";
				TEST_TARGET_NAME = "DataType_06_HomeWork-02";
			};
			name = Release;
		};
/* End XCBuildConfiguration section */

/* Begin XCConfigurationList section */
		F9B314B21E040635001EDD44 /* Build configuration list for PBXProject "DataType_06_HomeWork-02" */ = {
			isa = XCConfigurationList;
			buildConfigurations = (
				F9B314E21E040635001EDD44 /* Debug */,
				F9B314E31E040635001EDD44 /* Release */,
			);
			defaultConfigurationIsVisible = 0;
			defaultConfigurationName = Release;
		};
		F9B314E41E040635001EDD44 /* Build configuration list for PBXNativeTarget "DataType_06_HomeWork-02" */ = {
			isa = XCConfigurationList;
			buildConfigurations = (
				F9B314E51E040635001EDD44 /* Debug */,
				F9B314E61E040635001EDD44 /* Release */,
			);
			defaultConfigurationIsVisible = 0;
		};
		F9B314E71E040635001EDD44 /* Build configuration list for PBXNativeTarget "DataType_06_HomeWork-02Tests" */ = {
			isa = XCConfigurationList;
			buildConfigurations = (
				F9B314E81E040635001EDD44 /* Debug */,
				F9B314E91E040635001EDD44 /* Release */,
			);
			defaultConfigurationIsVisible = 0;
		};
		F9B314EA1E040635001EDD44 /* Build configuration list for PBXNativeTarget "DataType_06_HomeWork-02UITests" */ = {
			isa = XCConfigurationList;
			buildConfigurations = (
				F9B314EB1E040635001EDD44 /* Debug */,
				F9B314EC1E040635001EDD44 /* Release */,
			);
			defaultConfigurationIsVisible = 0;
		};
/* End XCConfigurationList section */
	};
	rootObject = F9B314AF1E040635001EDD44 /* Project object */;
}
